
Microsoft Visual Studio Solution File, Format Version 12.00
# Visual Studio Version 17
VisualStudioVersion = 17.0.31903.59
MinimumVisualStudioVersion = 10.0.40219.1
Project("{FAE04EC0-301F-11D3-BF4B-00C04F79EFBC}") = "test10", "test10\test10.csproj", "{AAD6AA7C-131B-4924-940D-3980D5716434}"
EndProject
Global
	GlobalSection(SolutionConfigurationPlatforms) = preSolution
		Debug|Any CPU = Debug|Any CPU
		Release|Any CPU = Release|Any CPU
	EndGlobalSection
	GlobalSection(ProjectConfigurationPlatforms) = postSolution
		{AAD6AA7C-131B-4924-940D-3980D5716434}.Debug|Any CPU.ActiveCfg = Debug|Any CPU
		{AAD6AA7C-131B-4924-940D-3980D5716434}.Debug|Any CPU.Build.0 = Debug|Any CPU
		{AAD6AA7C-131B-4924-940D-3980D5716434}.Release|Any CPU.ActiveCfg = Release|Any CPU
		{AAD6AA7C-131B-4924-940D-3980D5716434}.Release|Any CPU.Build.0 = Release|Any CPU
	EndGlobalSection
	GlobalSection(SolutionProperties) = preSolution
		HideSolutionNode = FALSE
	EndGlobalSection
EndGlobal
